
Microsoft Visual Studio Solution File, Format Version 12.00
# Visual Studio Version 17
VisualStudioVersion = 17.11.35327.3
MinimumVisualStudioVersion = 10.0.40219.1
Project("{FAE04EC0-301F-11D3-BF4B-00C04F79EFBC}") = "Biblioteca_Gruppo4", "Biblioteca_Gruppo4\Biblioteca_Gruppo4.csproj", "{5AFDD02E-95EF-459B-81D9-F7510F5AEAA3}"
EndProject
Global
	GlobalSection(SolutionConfigurationPlatforms) = preSolution
		Debug|Any CPU = Debug|Any CPU
		Release|Any CPU = Release|Any CPU
	EndGlobalSection
	GlobalSection(ProjectConfigurationPlatforms) = postSolution
		{5AFDD02E-95EF-459B-81D9-F7510F5AEAA3}.Debug|Any CPU.ActiveCfg = Debug|Any CPU
		{5AFDD02E-95EF-459B-81D9-F7510F5AEAA3}.Debug|Any CPU.Build.0 = Debug|Any CPU
		{5AFDD02E-95EF-459B-81D9-F7510F5AEAA3}.Release|Any CPU.ActiveCfg = Release|Any CPU
		{5AFDD02E-95EF-459B-81D9-F7510F5AEAA3}.Release|Any CPU.Build.0 = Release|Any CPU
	EndGlobalSection
	GlobalSection(SolutionProperties) = preSolution
		HideSolutionNode = FALSE
	EndGlobalSection
	GlobalSection(ExtensibilityGlobals) = postSolution
		SolutionGuid = {A6773194-CABD-4DA5-9D86-AE0DDDBB4EEE}
	EndGlobalSection
EndGlobal
